// !$*UTF8*$!
{
	archiveVersion = 1;
	classes = {
	};
	objectVersion = 50;
	objects = {

/* Begin PBXBuildFile section */
		FBE378A5220A00FD003F42CA /* AppDelegate.swift in Sources */ = {isa = PBXBuildFile; fileRef = FBE378A4220A00FD003F42CA /* AppDelegate.swift */; };
		FBE378A7220A00FD003F42CA /* ShowViewController.swift in Sources */ = {isa = PBXBuildFile; fileRef = FBE378A6220A00FD003F42CA /* ShowViewController.swift */; };
		FBE378AA220A00FD003F42CA /* Main.storyboard in Resources */ = {isa = PBXBuildFile; fileRef = FBE378A8220A00FD003F42CA /* Main.storyboard */; };
		FBE378AD220A00FD003F42CA /* Learn_This.xcdatamodeld in Sources */ = {isa = PBXBuildFile; fileRef = FBE378AB220A00FD003F42CA /* Learn_This.xcdatamodeld */; };
		FBE378AF220A00FE003F42CA /* Assets.xcassets in Resources */ = {isa = PBXBuildFile; fileRef = FBE378AE220A00FE003F42CA /* Assets.xcassets */; };
		FBE378B2220A00FE003F42CA /* LaunchScreen.storyboard in Resources */ = {isa = PBXBuildFile; fileRef = FBE378B0220A00FE003F42CA /* LaunchScreen.storyboard */; };
		FBE378BA220A016B003F42CA /* OpeningTableViewController.swift in Sources */ = {isa = PBXBuildFile; fileRef = FBE378B9220A016B003F42CA /* OpeningTableViewController.swift */; };
		FBE378BC220A02C0003F42CA /* MemeryItem.swift in Sources */ = {isa = PBXBuildFile; fileRef = FBE378BB220A02C0003F42CA /* MemeryItem.swift */; };
		FBE378C2220A0A6B003F42CA /* Items.json in Resources */ = {isa = PBXBuildFile; fileRef = FBE378C1220A0A6B003F42CA /* Items.json */; };
/* End PBXBuildFile section */

/* Begin PBXFileReference section */
		FBE378A1220A00FD003F42CA /* Learn This.app */ = {isa = PBXFileReference; explicitFileType = wrapper.application; includeInIndex = 0; path = "Learn This.app"; sourceTree = BUILT_PRODUCTS_DIR; };
		FBE378A4220A00FD003F42CA /* AppDelegate.swift */ = {isa = PBXFileReference; lastKnownFileType = sourcecode.swift; path = AppDelegate.swift; sourceTree = "<group>"; };
		FBE378A6220A00FD003F42CA /* ShowViewController.swift */ = {isa = PBXFileReference; lastKnownFileType = sourcecode.swift; path = ShowViewController.swift; sourceTree = "<group>"; };
		FBE378A9220A00FD003F42CA /* Base */ = {isa = PBXFileReference; lastKnownFileType = file.storyboard; name = Base; path = Base.lproj/Main.storyboard; sourceTree = "<group>"; };
		FBE378AC220A00FD003F42CA /* Learn_This.xcdatamodel */ = {isa = PBXFileReference; lastKnownFileType = wrapper.xcdatamodel; path = Learn_This.xcdatamodel; sourceTree = "<group>"; };
		FBE378AE220A00FE003F42CA /* Assets.xcassets */ = {isa = PBXFileReference; lastKnownFileType = folder.assetcatalog; path = Assets.xcassets; sourceTree = "<group>"; };
		FBE378B1220A00FE003F42CA /* Base */ = {isa = PBXFileReference; lastKnownFileType = file.storyboard; name = Base; path = Base.lproj/LaunchScreen.storyboard; sourceTree = "<group>"; };
		FBE378B3220A00FE003F42CA /* Info.plist */ = {isa = PBXFileReference; lastKnownFileType = text.plist.xml; path = Info.plist; sourceTree = "<group>"; };
		FBE378B9220A016B003F42CA /* OpeningTableViewController.swift */ = {isa = PBXFileReference; lastKnownFileType = sourcecode.swift; path = OpeningTableViewController.swift; sourceTree = "<group>"; };
		FBE378BB220A02C0003F42CA /* MemeryItem.swift */ = {isa = PBXFileReference; lastKnownFileType = sourcecode.swift; path = MemeryItem.swift; sourceTree = "<group>"; };
		FBE378C1220A0A6B003F42CA /* Items.json */ = {isa = PBXFileReference; fileEncoding = 4; lastKnownFileType = text.json; name = Items.json; path = ../../../AAA/Items.json; sourceTree = "<group>"; };
/* End PBXFileReference section */

/* Begin PBXFrameworksBuildPhase section */
		FBE3789E220A00FD003F42CA /* Frameworks */ = {
			isa = PBXFrameworksBuildPhase;
			buildActionMask = 2147483647;
			files = (
			);
			runOnlyForDeploymentPostprocessing = 0;
		};
/* End PBXFrameworksBuildPhase section */

/* Begin PBXGroup section */
		FBE37898220A00FD003F42CA = {
			isa = PBXGroup;
			children = (
				FBE378A3220A00FD003F42CA /* Learn This */,
				FBE378A2220A00FD003F42CA /* Products */,
			);
			sourceTree = "<group>";
		};
		FBE378A2220A00FD003F42CA /* Products */ = {
			isa = PBXGroup;
			children = (
				FBE378A1220A00FD003F42CA /* Learn This.app */,
			);
			name = Products;
			sourceTree = "<group>";
		};
		FBE378A3220A00FD003F42CA /* Learn This */ = {
			isa = PBXGroup;
			children = (
				FBE378A4220A00FD003F42CA /* AppDelegate.swift */,
				FBE378A6220A00FD003F42CA /* ShowViewController.swift */,
				FBE378B9220A016B003F42CA /* OpeningTableViewController.swift */,
				FBE378A8220A00FD003F42CA /* Main.storyboard */,
				FBE378BB220A02C0003F42CA /* MemeryItem.swift */,
				FBE378AE220A00FE003F42CA /* Assets.xcassets */,
				FBE378C1220A0A6B003F42CA /* Items.json */,
				FBE378B0220A00FE003F42CA /* LaunchScreen.storyboard */,
				FBE378B3220A00FE003F42CA /* Info.plist */,
				FBE378AB220A00FD003F42CA /* Learn_This.xcdatamodeld */,
			);
			path = "Learn This";
			sourceTree = "<group>";
		};
/* End PBXGroup section */

/* Begin PBXNativeTarget section */
		FBE378A0220A00FD003F42CA /* Learn This */ = {
			isa = PBXNativeTarget;
			buildConfigurationList = FBE378B6220A00FE003F42CA /* Build configuration list for PBXNativeTarget "Learn This" */;
			buildPhases = (
				FBE3789D220A00FD003F42CA /* Sources */,
				FBE3789E220A00FD003F42CA /* Frameworks */,
				FBE3789F220A00FD003F42CA /* Resources */,
			);
			buildRules = (
			);
			dependencies = (
			);
			name = "Learn This";
			productName = "Learn This";
			productReference = FBE378A1220A00FD003F42CA /* Learn This.app */;
			productType = "com.apple.product-type.application";
		};
/* End PBXNativeTarget section */

/* Begin PBXProject section */
		FBE37899220A00FD003F42CA /* Project object */ = {
			isa = PBXProject;
			attributes = {
				LastSwiftUpdateCheck = 1010;
				LastUpgradeCheck = 1010;
				ORGANIZATIONNAME = "James Stacy";
				TargetAttributes = {
					FBE378A0220A00FD003F42CA = {
						CreatedOnToolsVersion = 10.1;
					};
				};
			};
			buildConfigurationList = FBE3789C220A00FD003F42CA /* Build configuration list for PBXProject "Learn This" */;
			compatibilityVersion = "Xcode 9.3";
			developmentRegion = en;
			hasScannedForEncodings = 0;
			knownRegions = (
				en,
				Base,
			);
			mainGroup = FBE37898220A00FD003F42CA;
			productRefGroup = FBE378A2220A00FD003F42CA /* Products */;
			projectDirPath = "";
			projectRoot = "";
			targets = (
				FBE378A0220A00FD003F42CA /* Learn This */,
			);
		};
/* End PBXProject section */

/* Begin PBXResourcesBuildPhase section */
		FBE3789F220A00FD003F42CA /* Resources */ = {
			isa = PBXResourcesBuildPhase;
			buildActionMask = 2147483647;
			files = (
				FBE378C2220A0A6B003F42CA /* Items.json in Resources */,
				FBE378B2220A00FE003F42CA /* LaunchScreen.storyboard in Resources */,
				FBE378AF220A00FE003F42CA /* Assets.xcassets in Resources */,
				FBE378AA220A00FD003F42CA /* Main.storyboard in Resources */,
			);
			runOnlyForDeploymentPostprocessing = 0;
		};
/* End PBXResourcesBuildPhase section */

/* Begin PBXSourcesBuildPhase section */
		FBE3789D220A00FD003F42CA /* Sources */ = {
			isa = PBXSourcesBuildPhase;
			buildActionMask = 2147483647;
			files = (
				FBE378BA220A016B003F42CA /* OpeningTableViewController.swift in Sources */,
				FBE378BC220A02C0003F42CA /* MemeryItem.swift in Sources */,
				FBE378A7220A00FD003F42CA /* ShowViewController.swift in Sources */,
				FBE378A5220A00FD003F42CA /* AppDelegate.swift in Sources */,
				FBE378AD220A00FD003F42CA /* Learn_This.xcdatamodeld in Sources */,
			);
			runOnlyForDeploymentPostprocessing = 0;
		};
/* End PBXSourcesBuildPhase section */

/* Begin PBXVariantGroup section */
		FBE378A8220A00FD003F42CA /* Main.storyboard */ = {
			isa = PBXVariantGroup;
			children = (
				FBE378A9220A00FD003F42CA /* Base */,
			);
			name = Main.storyboard;
			sourceTree = "<group>";
		};
		FBE378B0220A00FE003F42CA /* LaunchScreen.storyboard */ = {
			isa = PBXVariantGroup;
			children = (
				FBE378B1220A00FE003F42CA /* Base */,
			);
			name = LaunchScreen.storyboard;
			sourceTree = "<group>";
		};
/* End PBXVariantGroup section */

/* Begin XCBuildConfiguration section */
		FBE378B4220A00FE003F42CA /* Debug */ = {
			isa = XCBuildConfiguration;
			buildSettings = {
				ALWAYS_SEARCH_USER_PATHS = NO;
				CLANG_ANALYZER_NONNULL = YES;
				CLANG_ANALYZER_NUMBER_OBJECT_CONVERSION = YES_AGGRESSIVE;
				CLANG_CXX_LANGUAGE_STANDARD = "gnu++14";
				CLANG_CXX_LIBRARY = "libc++";
				CLANG_ENABLE_MODULES = YES;
				CLANG_ENABLE_OBJC_ARC = YES;
				CLANG_ENABLE_OBJC_WEAK = YES;
				CLANG_WARN_BLOCK_CAPTURE_AUTORELEASING = YES;
				CLANG_WARN_BOOL_CONVERSION = YES;
				CLANG_WARN_COMMA = YES;
				CLANG_WARN_CONSTANT_CONVERSION = YES;
				CLANG_WARN_DEPRECATED_OBJC_IMPLEMENTATIONS = YES;
				CLANG_WARN_DIRECT_OBJC_ISA_USAGE = YES_ERROR;
				CLANG_WARN_DOCUMENTATION_COMMENTS = YES;
				CLANG_WARN_EMPTY_BODY = YES;
				CLANG_WARN_ENUM_CONVERSION = YES;
				CLANG_WARN_INFINITE_RECURSION = YES;
				CLANG_WARN_INT_CONVERSION = YES;
				CLANG_WARN_NON_LITERAL_NULL_CONVERSION = YES;
				CLANG_WARN_OBJC_IMPLICIT_RETAIN_SELF = YES;
				CLANG_WARN_OBJC_LITERAL_CONVERSION = YES;
				CLANG_WARN_OBJC_ROOT_CLASS = YES_ERROR;
				CLANG_WARN_RANGE_LOOP_ANALYSIS = YES;
				CLANG_WARN_STRICT_PROTOTYPES = YES;
				CLANG_WARN_SUSPICIOUS_MOVE = YES;
				CLANG_WARN_UNGUARDED_AVAILABILITY = YES_AGGRESSIVE;
				CLANG_WARN_UNREACHABLE_CODE = YES;
				CLANG_WARN__DUPLICATE_METHOD_MATCH = YES;
				CODE_SIGN_IDENTITY = "iPhone Developer";
				COPY_PHASE_STRIP = NO;
				DEBUG_INFORMATION_FORMAT = dwarf;
				ENABLE_STRICT_OBJC_MSGSEND = YES;
				ENABLE_TESTABILITY = YES;
				GCC_C_LANGUAGE_STANDARD = gnu11;
				GCC_DYNAMIC_NO_PIC = NO;
				GCC_NO_COMMON_BLOCKS = YES;
				GCC_OPTIMIZATION_LEVEL = 0;
				GCC_PREPROCESSOR_DEFINITIONS = (
					"DEBUG=1",
					"$(inherited)",
				);
				GCC_WARN_64_TO_32_BIT_CONVERSION = YES;
				GCC_WARN_ABOUT_RETURN_TYPE = YES_ERROR;
				GCC_WARN_UNDECLARED_SELECTOR = YES;
				GCC_WARN_UNINITIALIZED_AUTOS = YES_AGGRESSIVE;
				GCC_WARN_UNUSED_FUNCTION = YES;
				GCC_WARN_UNUSED_VARIABLE = YES;
				IPHONEOS_DEPLOYMENT_TARGET = 12.1;
				MTL_ENABLE_DEBUG_INFO = INCLUDE_SOURCE;
				MTL_FAST_MATH = YES;
				ONLY_ACTIVE_ARCH = YES;
				SDKROOT = iphoneos;
				SWIFT_ACTIVE_COMPILATION_CONDITIONS = DEBUG;
				SWIFT_OPTIMIZATION_LEVEL = "-Onone";
			};
			name = Debug;
		};
		FBE378B5220A00FE003F42CA /* Release */ = {
			isa = XCBuildConfiguration;
			buildSettings = {
				ALWAYS_SEARCH_USER_PATHS = NO;
				CLANG_ANALYZER_NONNULL = YES;
				CLANG_ANALYZER_NUMBER_OBJECT_CONVERSION = YES_AGGRESSIVE;
				CLANG_CXX_LANGUAGE_STANDARD = "gnu++14";
				CLANG_CXX_LIBRARY = "libc++";
				CLANG_ENABLE_MODULES = YES;
				CLANG_ENABLE_OBJC_ARC = YES;
				CLANG_ENABLE_OBJC_WEAK = YES;
				CLANG_WARN_BLOCK_CAPTURE_AUTORELEASING = YES;
				CLANG_WARN_BOOL_CONVERSION = YES;
				CLANG_WARN_COMMA = YES;
				CLANG_WARN_CONSTANT_CONVERSION = YES;
				CLANG_WARN_DEPRECATED_OBJC_IMPLEMENTATIONS = YES;
				CLANG_WARN_DIRECT_OBJC_ISA_USAGE = YES_ERROR;
				CLANG_WARN_DOCUMENTATION_COMMENTS = YES;
				CLANG_WARN_EMPTY_BODY = YES;
				CLANG_WARN_ENUM_CONVERSION = YES;
				CLANG_WARN_INFINITE_RECURSION = YES;
				CLANG_WARN_INT_CONVERSION = YES;
				CLANG_WARN_NON_LITERAL_NULL_CONVERSION = YES;
				CLANG_WARN_OBJC_IMPLICIT_RETAIN_SELF = YES;
				CLANG_WARN_OBJC_LITERAL_CONVERSION = YES;
				CLANG_WARN_OBJC_ROOT_CLASS = YES_ERROR;
				CLANG_WARN_RANGE_LOOP_ANALYSIS = YES;
				CLANG_WARN_STRICT_PROTOTYPES = YES;
				CLANG_WARN_SUSPICIOUS_MOVE = YES;
				CLANG_WARN_UNGUARDED_AVAILABILITY = YES_AGGRESSIVE;
				CLANG_WARN_UNREACHABLE_CODE = YES;
				CLANG_WARN__DUPLICATE_METHOD_MATCH = YES;
				CODE_SIGN_IDENTITY = "iPhone Developer";
				COPY_PHASE_STRIP = NO;
				DEBUG_INFORMATION_FORMAT = "dwarf-with-dsym";
				ENABLE_NS_ASSERTIONS = NO;
				ENABLE_STRICT_OBJC_MSGSEND = YES;
				GCC_C_LANGUAGE_STANDARD = gnu11;
				GCC_NO_COMMON_BLOCKS = YES;
				GCC_WARN_64_TO_32_BIT_CONVERSION = YES;
				GCC_WARN_ABOUT_RETURN_TYPE = YES_ERROR;
				GCC_WARN_UNDECLARED_SELECTOR = YES;
				GCC_WARN_UNINITIALIZED_AUTOS = YES_AGGRESSIVE;
				GCC_WARN_UNUSED_FUNCTION = YES;
				GCC_WARN_UNUSED_VARIABLE = YES;
				IPHONEOS_DEPLOYMENT_TARGET = 12.1;
				MTL_ENABLE_DEBUG_INFO = NO;
				MTL_FAST_MATH = YES;
				SDKROOT = iphoneos;
				SWIFT_COMPILATION_MODE = wholemodule;
				SWIFT_OPTIMIZATION_LEVEL = "-O";
				VALIDATE_PRODUCT = YES;
			};
			name = Release;
		};
		FBE378B7220A00FE003F42CA /* Debug */ = {
			isa = XCBuildConfiguration;
			buildSettings = {
				ASSETCATALOG_COMPILER_APPICON_NAME = AppIcon;
				CODE_SIGN_STYLE = Automatic;
				DEVELOPMENT_TEAM = 8HK5K5W5T2;
				INFOPLIST_FILE = "Learn This/Info.plist";
				LD_RUNPATH_SEARCH_PATHS = (
					"$(inherited)",
					"@executable_path/Frameworks",
				);
				PRODUCT_BUNDLE_IDENTIFIER = "com.movementinaction.Learn-This";
				PRODUCT_NAME = "$(TARGET_NAME)";
				SWIFT_VERSION = 4.2;
				TARGETED_DEVICE_FAMILY = "1,2";
			};
			name = Debug;
		};
		FBE378B8220A00FE003F42CA /* Release */ = {
			isa = XCBuildConfiguration;
			buildSettings = {
				ASSETCATALOG_COMPILER_APPICON_NAME = AppIcon;
				CODE_SIGN_STYLE = Automatic;
				DEVELOPMENT_TEAM = 8HK5K5W5T2;
				INFOPLIST_FILE = "Learn This/Info.plist";
				LD_RUNPATH_SEARCH_PATHS = (
					"$(inherited)",
					"@executable_path/Frameworks",
				);
				PRODUCT_BUNDLE_IDENTIFIER = "com.movementinaction.Learn-This";
				PRODUCT_NAME = "$(TARGET_NAME)";
				SWIFT_VERSION = 4.2;
				TARGETED_DEVICE_FAMILY = "1,2";
			};
			name = Release;
		};
/* End XCBuildConfiguration section */

/* Begin XCConfigurationList section */
		FBE3789C220A00FD003F42CA /* Build configuration list for PBXProject "Learn This" */ = {
			isa = XCConfigurationList;
			buildConfigurations = (
				FBE378B4220A00FE003F42CA /* Debug */,
				FBE378B5220A00FE003F42CA /* Release */,
			);
			defaultConfigurationIsVisible = 0;
			defaultConfigurationName = Release;
		};
		FBE378B6220A00FE003F42CA /* Build configuration list for PBXNativeTarget "Learn This" */ = {
			isa = XCConfigurationList;
			buildConfigurations = (
				FBE378B7220A00FE003F42CA /* Debug */,
				FBE378B8220A00FE003F42CA /* Release */,
			);
			defaultConfigurationIsVisible = 0;
			defaultConfigurationName = Release;
		};
/* End XCConfigurationList section */

/* Begin XCVersionGroup section */
		FBE378AB220A00FD003F42CA /* Learn_This.xcdatamodeld */ = {
			isa = XCVersionGroup;
			children = (
				FBE378AC220A00FD003F42CA /* Learn_This.xcdatamodel */,
			);
			currentVersion = FBE378AC220A00FD003F42CA /* Learn_This.xcdatamodel */;
			path = Learn_This.xcdatamodeld;
			sourceTree = "<group>";
			versionGroupType = wrapper.xcdatamodel;
		};
/* End XCVersionGroup section */
	};
	rootObject = FBE37899220A00FD003F42CA /* Project object */;
}
